
Microsoft Visual Studio Solution File, Format Version 12.00
# Visual Studio 15
VisualStudioVersion = 15.0.28307.168
MinimumVisualStudioVersion = 10.0.40219.1
Project("{FAE04EC0-301F-11D3-BF4B-00C04F79EFBC}") = "Patterns", "Patterns\Patterns.csproj", "{0609D457-0D23-42EC-A316-A549E5124D1A}"
EndProject
Global
	GlobalSection(SolutionConfigurationPlatforms) = preSolution
		Debug|Any CPU = Debug|Any CPU
		Release|Any CPU = Release|Any CPU
	EndGlobalSection
	GlobalSection(ProjectConfigurationPlatforms) = postSolution
		{0609D457-0D23-42EC-A316-A549E5124D1A}.Debug|Any CPU.ActiveCfg = Debug|Any CPU
		{0609D457-0D23-42EC-A316-A549E5124D1A}.Debug|Any CPU.Build.0 = Debug|Any CPU
		{0609D457-0D23-42EC-A316-A549E5124D1A}.Release|Any CPU.ActiveCfg = Release|Any CPU
		{0609D457-0D23-42EC-A316-A549E5124D1A}.Release|Any CPU.Build.0 = Release|Any CPU
	EndGlobalSection
	GlobalSection(SolutionProperties) = preSolution
		HideSolutionNode = FALSE
	EndGlobalSection
	GlobalSection(ExtensibilityGlobals) = postSolution
		SolutionGuid = {5F594994-AE5D-410D-9E49-1B65B7FD9CDF}
	EndGlobalSection
EndGlobal
